
Microsoft Visual Studio Solution File, Format Version 12.00
# Visual Studio Version 17
VisualStudioVersion = 17.0.31903.59
MinimumVisualStudioVersion = 10.0.40219.1
Project("{2150E333-8FDC-42A3-9474-1A3956D46DE8}") = "src", "src", "{FBA5E519-22B8-406E-A795-2C5DDF691E86}"
EndProject
Project("{FAE04EC0-301F-11D3-BF4B-00C04F79EFBC}") = "CamfrogMultiID.Core", "src\CamfrogMultiID.Core\CamfrogMultiID.Core.csproj", "{D40CFA4A-37FA-4225-9FD1-D431A5EF4A1A}"
EndProject
Project("{FAE04EC0-301F-11D3-BF4B-00C04F79EFBC}") = "CamfrogMultiID.Infrastructure", "src\CamfrogMultiID.Infrastructure\CamfrogMultiID.Infrastructure.csproj", "{65E73463-A744-4EA4-8C0A-684D5D6D8BCA}"
EndProject
Project("{FAE04EC0-301F-11D3-BF4B-00C04F79EFBC}") = "CamfrogMultiID.App", "src\CamfrogMultiID.App\CamfrogMultiID.App.csproj", "{5BDBCB9F-62D2-4594-AE88-91A700ADD7B0}"
EndProject
Project("{2150E333-8FDC-42A3-9474-1A3956D46DE8}") = "tests", "tests", "{2EE39BF1-4595-47F3-A92B-2E93D8F3C0A9}"
EndProject
Project("{FAE04EC0-301F-11D3-BF4B-00C04F79EFBC}") = "CamfrogMultiID.Tests", "tests\CamfrogMultiID.Tests\CamfrogMultiID.Tests.csproj", "{B69843C5-4755-4B05-9D9B-899C4CC8727A}"
EndProject
Global
	GlobalSection(SolutionConfigurationPlatforms) = preSolution
		Debug|Any CPU = Debug|Any CPU
		Release|Any CPU = Release|Any CPU
	EndGlobalSection
	GlobalSection(SolutionProperties) = preSolution
		HideSolutionNode = FALSE
	EndGlobalSection
	GlobalSection(ProjectConfigurationPlatforms) = postSolution
		{D40CFA4A-37FA-4225-9FD1-D431A5EF4A1A}.Debug|Any CPU.ActiveCfg = Debug|Any CPU
		{D40CFA4A-37FA-4225-9FD1-D431A5EF4A1A}.Debug|Any CPU.Build.0 = Debug|Any CPU
		{D40CFA4A-37FA-4225-9FD1-D431A5EF4A1A}.Release|Any CPU.ActiveCfg = Release|Any CPU
		{D40CFA4A-37FA-4225-9FD1-D431A5EF4A1A}.Release|Any CPU.Build.0 = Release|Any CPU
		{65E73463-A744-4EA4-8C0A-684D5D6D8BCA}.Debug|Any CPU.ActiveCfg = Debug|Any CPU
		{65E73463-A744-4EA4-8C0A-684D5D6D8BCA}.Debug|Any CPU.Build.0 = Debug|Any CPU
		{65E73463-A744-4EA4-8C0A-684D5D6D8BCA}.Release|Any CPU.ActiveCfg = Release|Any CPU
		{65E73463-A744-4EA4-8C0A-684D5D6D8BCA}.Release|Any CPU.Build.0 = Release|Any CPU
		{5BDBCB9F-62D2-4594-AE88-91A700ADD7B0}.Debug|Any CPU.ActiveCfg = Debug|Any CPU
		{5BDBCB9F-62D2-4594-AE88-91A700ADD7B0}.Debug|Any CPU.Build.0 = Debug|Any CPU
		{5BDBCB9F-62D2-4594-AE88-91A700ADD7B0}.Release|Any CPU.ActiveCfg = Release|Any CPU
		{5BDBCB9F-62D2-4594-AE88-91A700ADD7B0}.Release|Any CPU.Build.0 = Release|Any CPU
		{B69843C5-4755-4B05-9D9B-899C4CC8727A}.Debug|Any CPU.ActiveCfg = Debug|Any CPU
		{B69843C5-4755-4B05-9D9B-899C4CC8727A}.Debug|Any CPU.Build.0 = Debug|Any CPU
		{B69843C5-4755-4B05-9D9B-899C4CC8727A}.Release|Any CPU.ActiveCfg = Release|Any CPU
		{B69843C5-4755-4B05-9D9B-899C4CC8727A}.Release|Any CPU.Build.0 = Release|Any CPU
	EndGlobalSection
	GlobalSection(NestedProjects) = preSolution
		{D40CFA4A-37FA-4225-9FD1-D431A5EF4A1A} = {FBA5E519-22B8-406E-A795-2C5DDF691E86}
		{65E73463-A744-4EA4-8C0A-684D5D6D8BCA} = {FBA5E519-22B8-406E-A795-2C5DDF691E86}
		{5BDBCB9F-62D2-4594-AE88-91A700ADD7B0} = {FBA5E519-22B8-406E-A795-2C5DDF691E86}
		{B69843C5-4755-4B05-9D9B-899C4CC8727A} = {2EE39BF1-4595-47F3-A92B-2E93D8F3C0A9}
	EndGlobalSection
EndGlobal
